
Microsoft Visual Studio Solution File, Format Version 12.00
# Visual Studio Version 17
VisualStudioVersion = 17.11.35312.102
MinimumVisualStudioVersion = 10.0.40219.1
Project("{FAE04EC0-301F-11D3-BF4B-00C04F79EFBC}") = "ClariSKaraoke.Server", "Server\ClariSKaraoke.Server.csproj", "{84869D63-6718-459A-BD57-A1B07B3A5C38}"
EndProject
Project("{FAE04EC0-301F-11D3-BF4B-00C04F79EFBC}") = "ClariSKaraoke.Client", "Client\ClariSKaraoke.Client.csproj", "{BDFF5E89-E308-4AD3-9AEB-163F67E5D393}"
EndProject
Project("{FAE04EC0-301F-11D3-BF4B-00C04F79EFBC}") = "ClariSKaraoke.Shared", "Shared\ClariSKaraoke.Shared.csproj", "{451EA621-24BB-4AE5-9078-8E8291E157C5}"
EndProject
Global
	GlobalSection(SolutionConfigurationPlatforms) = preSolution
		Debug|Any CPU = Debug|Any CPU
		Release|Any CPU = Release|Any CPU
	EndGlobalSection
	GlobalSection(ProjectConfigurationPlatforms) = postSolution
		{84869D63-6718-459A-BD57-A1B07B3A5C38}.Debug|Any CPU.ActiveCfg = Debug|Any CPU
		{84869D63-6718-459A-BD57-A1B07B3A5C38}.Debug|Any CPU.Build.0 = Debug|Any CPU
		{84869D63-6718-459A-BD57-A1B07B3A5C38}.Release|Any CPU.ActiveCfg = Release|Any CPU
		{84869D63-6718-459A-BD57-A1B07B3A5C38}.Release|Any CPU.Build.0 = Release|Any CPU
		{BDFF5E89-E308-4AD3-9AEB-163F67E5D393}.Debug|Any CPU.ActiveCfg = Debug|Any CPU
		{BDFF5E89-E308-4AD3-9AEB-163F67E5D393}.Debug|Any CPU.Build.0 = Debug|Any CPU
		{BDFF5E89-E308-4AD3-9AEB-163F67E5D393}.Release|Any CPU.ActiveCfg = Release|Any CPU
		{BDFF5E89-E308-4AD3-9AEB-163F67E5D393}.Release|Any CPU.Build.0 = Release|Any CPU
		{451EA621-24BB-4AE5-9078-8E8291E157C5}.Debug|Any CPU.ActiveCfg = Debug|Any CPU
		{451EA621-24BB-4AE5-9078-8E8291E157C5}.Debug|Any CPU.Build.0 = Debug|Any CPU
		{451EA621-24BB-4AE5-9078-8E8291E157C5}.Release|Any CPU.ActiveCfg = Release|Any CPU
		{451EA621-24BB-4AE5-9078-8E8291E157C5}.Release|Any CPU.Build.0 = Release|Any CPU
	EndGlobalSection
	GlobalSection(SolutionProperties) = preSolution
		HideSolutionNode = FALSE
	EndGlobalSection
	GlobalSection(ExtensibilityGlobals) = postSolution
		SolutionGuid = {2B13C77B-F688-4D57-A04C-A64532F2D8F5}
	EndGlobalSection
EndGlobal
